{
  "version": 4,
  "terraform_version": "0.12.26",
  "serial": 126,
  "lineage": "516f0128-9617-0c08-463c-4142aea4f23d",
  "outputs": {},
  "resources": [
    {
      "module": "module.rds.module.db_option_group",
      "mode": "managed",
      "type": "aws_db_option_group",
      "name": "this",
      "each": "list",
      "provider": "provider.aws",
      "instances": [
        {
          "index_key": 0,
          "schema_version": 0,
          "attributes": {
            "arn": "arn:aws:rds:us-east-1:925438610009:og:bootcamp-rds-20200727182459635300000001",
            "engine_name": "postgres",
            "id": "bootcamp-rds-20200727182459635300000001",
            "major_engine_version": "9.6",
            "name": "bootcamp-rds-20200727182459635300000001",
            "name_prefix": "bootcamp-rds-",
            "option": [],
            "option_group_description": "Option group for bootcamp-rds",
            "tags": {
              "Name": "bootcamp-rds"
            },
            "timeouts": {
              "delete": "15m"
            }
          }
        }
      ]
    },
    {
      "mode": "managed",
      "type": "aws_internet_gateway",
      "name": "igw",
      "provider": "provider.aws",
      "instances": [
        {
          "schema_version": 0,
          "attributes": {
            "arn": "arn:aws:ec2:us-east-1:925438610009:internet-gateway/igw-03fc277a3596eb364",
            "id": "igw-03fc277a3596eb364",
            "owner_id": "925438610009",
            "tags": {
              "Name": "bootcamp_igw"
            },
            "vpc_id": "vpc-012da98d88bc30881"
          },
          "private": "bnVsbA==",
          "dependencies": [
            "aws_vpc.bootcamp"
          ]
        }
      ]
    },
    {
      "mode": "managed",
      "type": "aws_route_table",
      "name": "route_igw",
      "provider": "provider.aws",
      "instances": [
        {
          "schema_version": 0,
          "attributes": {
            "id": "rtb-0b0558e24cbce1572",
            "owner_id": "925438610009",
            "propagating_vgws": [],
            "route": [
              {
                "cidr_block": "0.0.0.0/0",
                "egress_only_gateway_id": "",
                "gateway_id": "igw-03fc277a3596eb364",
                "instance_id": "",
                "ipv6_cidr_block": "",
                "nat_gateway_id": "",
                "network_interface_id": "",
                "transit_gateway_id": "",
                "vpc_peering_connection_id": ""
              }
            ],
            "tags": {
              "Name": "bootcamp_route_igw"
            },
            "vpc_id": "vpc-012da98d88bc30881"
          },
          "private": "bnVsbA==",
          "dependencies": [
            "aws_internet_gateway.igw",
            "aws_vpc.bootcamp"
          ]
        }
      ]
    },
    {
      "mode": "managed",
      "type": "aws_route_table_association",
      "name": "route_table_association",
      "each": "list",
      "provider": "provider.aws",
      "instances": [
        {
          "index_key": 0,
          "schema_version": 0,
          "attributes": {
            "gateway_id": null,
            "id": "rtbassoc-0b45ca3f610859142",
            "route_table_id": "rtb-0b0558e24cbce1572",
            "subnet_id": "subnet-02a6c78a67d08f590"
          },
          "private": "bnVsbA==",
          "dependencies": [
            "aws_internet_gateway.igw",
            "aws_route_table.route_igw",
            "aws_subnet.public",
            "aws_vpc.bootcamp"
          ]
        },
        {
          "index_key": 1,
          "schema_version": 0,
          "attributes": {
            "gateway_id": null,
            "id": "rtbassoc-02dbb43a3fe4d2dea",
            "route_table_id": "rtb-0b0558e24cbce1572",
            "subnet_id": "subnet-0c4d57e05313ec571"
          },
          "private": "bnVsbA==",
          "dependencies": [
            "aws_internet_gateway.igw",
            "aws_route_table.route_igw",
            "aws_subnet.public",
            "aws_vpc.bootcamp"
          ]
        },
        {
          "index_key": 2,
          "schema_version": 0,
          "attributes": {
            "gateway_id": null,
            "id": "rtbassoc-0660bb88e868c7988",
            "route_table_id": "rtb-0b0558e24cbce1572",
            "subnet_id": "subnet-04a66895dcdd1d77e"
          },
          "private": "bnVsbA==",
          "dependencies": [
            "aws_internet_gateway.igw",
            "aws_route_table.route_igw",
            "aws_subnet.public",
            "aws_vpc.bootcamp"
          ]
        }
      ]
    },
    {
      "mode": "managed",
      "type": "aws_security_group",
      "name": "allow_app",
      "provider": "provider.aws",
      "instances": [
        {
          "schema_version": 1,
          "attributes": {
            "arn": "arn:aws:ec2:us-east-1:925438610009:security-group/sg-01439f0e0b4c5bc1f",
            "description": "Managed by Terraform",
            "egress": [],
            "id": "sg-01439f0e0b4c5bc1f",
            "ingress": [
              {
                "cidr_blocks": [],
                "description": "",
                "from_port": 8080,
                "ipv6_cidr_blocks": [],
                "prefix_list_ids": [],
                "protocol": "tcp",
                "security_groups": [],
                "self": true,
                "to_port": 8080
              }
            ],
            "name": "bootcamp_allow_app",
            "name_prefix": null,
            "owner_id": "925438610009",
            "revoke_rules_on_delete": false,
            "tags": {},
            "timeouts": null,
            "vpc_id": "vpc-012da98d88bc30881"
          },
          "private": "eyJlMmJmYjczMC1lY2FhLTExZTYtOGY4OC0zNDM2M2JjN2M0YzAiOnsiY3JlYXRlIjo2MDAwMDAwMDAwMDAsImRlbGV0ZSI6NjAwMDAwMDAwMDAwfSwic2NoZW1hX3ZlcnNpb24iOiIxIn0=",
          "dependencies": [
            "aws_vpc.bootcamp"
          ]
        }
      ]
    },
    {
      "mode": "managed",
      "type": "aws_security_group",
      "name": "allow_outbound",
      "provider": "provider.aws",
      "instances": [
        {
          "schema_version": 1,
          "attributes": {
            "arn": "arn:aws:ec2:us-east-1:925438610009:security-group/sg-0e3ce2041b0ec07d2",
            "description": "Managed by Terraform",
            "egress": [
              {
                "cidr_blocks": [
                  "0.0.0.0/0"
                ],
                "description": "",
                "from_port": 0,
                "ipv6_cidr_blocks": [],
                "prefix_list_ids": [],
                "protocol": "-1",
                "security_groups": [],
                "self": false,
                "to_port": 0
              }
            ],
            "id": "sg-0e3ce2041b0ec07d2",
            "ingress": [],
            "name": "bootcamp_allow_outbound",
            "name_prefix": null,
            "owner_id": "925438610009",
            "revoke_rules_on_delete": false,
            "tags": {
              "Name": "bootcamp_allow_outbound"
            },
            "timeouts": null,
            "vpc_id": "vpc-012da98d88bc30881"
          },
          "private": "eyJlMmJmYjczMC1lY2FhLTExZTYtOGY4OC0zNDM2M2JjN2M0YzAiOnsiY3JlYXRlIjo2MDAwMDAwMDAwMDAsImRlbGV0ZSI6NjAwMDAwMDAwMDAwfSwic2NoZW1hX3ZlcnNpb24iOiIxIn0=",
          "dependencies": [
            "aws_vpc.bootcamp"
          ]
        }
      ]
    },
    {
      "mode": "managed",
      "type": "aws_security_group",
      "name": "allow_ssh",
      "provider": "provider.aws",
      "instances": [
        {
          "schema_version": 1,
          "attributes": {
            "arn": "arn:aws:ec2:us-east-1:925438610009:security-group/sg-01de4247fb16b0cb4",
            "description": "Managed by Terraform",
            "egress": [],
            "id": "sg-01de4247fb16b0cb4",
            "ingress": [
              {
                "cidr_blocks": [
                  "0.0.0.0/0"
                ],
                "description": "",
                "from_port": 22,
                "ipv6_cidr_blocks": [],
                "prefix_list_ids": [],
                "protocol": "tcp",
                "security_groups": [],
                "self": false,
                "to_port": 22
              }
            ],
            "name": "bootcamp_allow_ssh",
            "name_prefix": null,
            "owner_id": "925438610009",
            "revoke_rules_on_delete": false,
            "tags": {
              "Name": "bootcamp_allow_ssh"
            },
            "timeouts": null,
            "vpc_id": "vpc-012da98d88bc30881"
          },
          "private": "eyJlMmJmYjczMC1lY2FhLTExZTYtOGY4OC0zNDM2M2JjN2M0YzAiOnsiY3JlYXRlIjo2MDAwMDAwMDAwMDAsImRlbGV0ZSI6NjAwMDAwMDAwMDAwfSwic2NoZW1hX3ZlcnNpb24iOiIxIn0=",
          "dependencies": [
            "aws_vpc.bootcamp"
          ]
        }
      ]
    },
    {
      "mode": "managed",
      "type": "aws_security_group",
      "name": "database",
      "provider": "provider.aws",
      "instances": [
        {
          "schema_version": 1,
          "attributes": {
            "arn": "arn:aws:ec2:us-east-1:925438610009:security-group/sg-0631e94961580c9f9",
            "description": "Managed by Terraform",
            "egress": [],
            "id": "sg-0631e94961580c9f9",
            "ingress": [
              {
                "cidr_blocks": [],
                "description": "",
                "from_port": 5432,
                "ipv6_cidr_blocks": [],
                "prefix_list_ids": [],
                "protocol": "tcp",
                "security_groups": [],
                "self": true,
                "to_port": 5432
              }
            ],
            "name": "bootcamp_database",
            "name_prefix": null,
            "owner_id": "925438610009",
            "revoke_rules_on_delete": false,
            "tags": {
              "Name": "bootcamp_database"
            },
            "timeouts": null,
            "vpc_id": "vpc-012da98d88bc30881"
          },
          "private": "eyJlMmJmYjczMC1lY2FhLTExZTYtOGY4OC0zNDM2M2JjN2M0YzAiOnsiY3JlYXRlIjo2MDAwMDAwMDAwMDAsImRlbGV0ZSI6NjAwMDAwMDAwMDAwfSwic2NoZW1hX3ZlcnNpb24iOiIxIn0=",
          "dependencies": [
            "aws_vpc.bootcamp"
          ]
        }
      ]
    },
    {
      "mode": "managed",
      "type": "aws_security_group",
      "name": "load_balancer",
      "provider": "provider.aws",
      "instances": [
        {
          "schema_version": 1,
          "attributes": {
            "arn": "arn:aws:ec2:us-east-1:925438610009:security-group/sg-0695aa498a2b1d030",
            "description": "Managed by Terraform",
            "egress": [
              {
                "cidr_blocks": [],
                "description": "",
                "from_port": 8080,
                "ipv6_cidr_blocks": [],
                "prefix_list_ids": [],
                "protocol": "tcp",
                "security_groups": [
                  "sg-01439f0e0b4c5bc1f"
                ],
                "self": false,
                "to_port": 8080
              }
            ],
            "id": "sg-0695aa498a2b1d030",
            "ingress": [
              {
                "cidr_blocks": [
                  "0.0.0.0/0"
                ],
                "description": "",
                "from_port": 80,
                "ipv6_cidr_blocks": [],
                "prefix_list_ids": [],
                "protocol": "tcp",
                "security_groups": [],
                "self": false,
                "to_port": 80
              }
            ],
            "name": "bootcamp_load_balancer",
            "name_prefix": null,
            "owner_id": "925438610009",
            "revoke_rules_on_delete": false,
            "tags": {},
            "timeouts": null,
            "vpc_id": "vpc-012da98d88bc30881"
          },
          "private": "eyJlMmJmYjczMC1lY2FhLTExZTYtOGY4OC0zNDM2M2JjN2M0YzAiOnsiY3JlYXRlIjo2MDAwMDAwMDAwMDAsImRlbGV0ZSI6NjAwMDAwMDAwMDAwfSwic2NoZW1hX3ZlcnNpb24iOiIxIn0=",
          "dependencies": [
            "aws_security_group.allow_app",
            "aws_vpc.bootcamp"
          ]
        }
      ]
    },
    {
      "mode": "managed",
      "type": "aws_subnet",
      "name": "private",
      "each": "list",
      "provider": "provider.aws",
      "instances": [
        {
          "index_key": 0,
          "schema_version": 1,
          "attributes": {
            "arn": "arn:aws:ec2:us-east-1:925438610009:subnet/subnet-044274e2f61c8c3bc",
            "assign_ipv6_address_on_creation": false,
            "availability_zone": "us-east-1a",
            "availability_zone_id": "use1-az2",
            "cidr_block": "192.168.10.0/24",
            "id": "subnet-044274e2f61c8c3bc",
            "ipv6_cidr_block": "",
            "ipv6_cidr_block_association_id": "",
            "map_public_ip_on_launch": false,
            "outpost_arn": "",
            "owner_id": "925438610009",
            "tags": {
              "Name": "bootcamp_private_subnet_0"
            },
            "timeouts": null,
            "vpc_id": "vpc-012da98d88bc30881"
          },
          "private": "eyJlMmJmYjczMC1lY2FhLTExZTYtOGY4OC0zNDM2M2JjN2M0YzAiOnsiY3JlYXRlIjo2MDAwMDAwMDAwMDAsImRlbGV0ZSI6MTIwMDAwMDAwMDAwMH0sInNjaGVtYV92ZXJzaW9uIjoiMSJ9",
          "dependencies": [
            "aws_vpc.bootcamp"
          ]
        },
        {
          "index_key": 1,
          "schema_version": 1,
          "attributes": {
            "arn": "arn:aws:ec2:us-east-1:925438610009:subnet/subnet-0292bf3e6d4b09af9",
            "assign_ipv6_address_on_creation": false,
            "availability_zone": "us-east-1b",
            "availability_zone_id": "use1-az4",
            "cidr_block": "192.168.11.0/24",
            "id": "subnet-0292bf3e6d4b09af9",
            "ipv6_cidr_block": "",
            "ipv6_cidr_block_association_id": "",
            "map_public_ip_on_launch": false,
            "outpost_arn": "",
            "owner_id": "925438610009",
            "tags": {
              "Name": "bootcamp_private_subnet_1"
            },
            "timeouts": null,
            "vpc_id": "vpc-012da98d88bc30881"
          },
          "private": "eyJlMmJmYjczMC1lY2FhLTExZTYtOGY4OC0zNDM2M2JjN2M0YzAiOnsiY3JlYXRlIjo2MDAwMDAwMDAwMDAsImRlbGV0ZSI6MTIwMDAwMDAwMDAwMH0sInNjaGVtYV92ZXJzaW9uIjoiMSJ9",
          "dependencies": [
            "aws_vpc.bootcamp"
          ]
        },
        {
          "index_key": 2,
          "schema_version": 1,
          "attributes": {
            "arn": "arn:aws:ec2:us-east-1:925438610009:subnet/subnet-0db56b11f6996dc3f",
            "assign_ipv6_address_on_creation": false,
            "availability_zone": "us-east-1c",
            "availability_zone_id": "use1-az6",
            "cidr_block": "192.168.12.0/24",
            "id": "subnet-0db56b11f6996dc3f",
            "ipv6_cidr_block": "",
            "ipv6_cidr_block_association_id": "",
            "map_public_ip_on_launch": false,
            "outpost_arn": "",
            "owner_id": "925438610009",
            "tags": {
              "Name": "bootcamp_private_subnet_2"
            },
            "timeouts": null,
            "vpc_id": "vpc-012da98d88bc30881"
          },
          "private": "eyJlMmJmYjczMC1lY2FhLTExZTYtOGY4OC0zNDM2M2JjN2M0YzAiOnsiY3JlYXRlIjo2MDAwMDAwMDAwMDAsImRlbGV0ZSI6MTIwMDAwMDAwMDAwMH0sInNjaGVtYV92ZXJzaW9uIjoiMSJ9",
          "dependencies": [
            "aws_vpc.bootcamp"
          ]
        }
      ]
    },
    {
      "mode": "managed",
      "type": "aws_subnet",
      "name": "public",
      "each": "list",
      "provider": "provider.aws",
      "instances": [
        {
          "index_key": 0,
          "schema_version": 1,
          "attributes": {
            "arn": "arn:aws:ec2:us-east-1:925438610009:subnet/subnet-02a6c78a67d08f590",
            "assign_ipv6_address_on_creation": false,
            "availability_zone": "us-east-1a",
            "availability_zone_id": "use1-az2",
            "cidr_block": "192.168.20.0/24",
            "id": "subnet-02a6c78a67d08f590",
            "ipv6_cidr_block": "",
            "ipv6_cidr_block_association_id": "",
            "map_public_ip_on_launch": true,
            "outpost_arn": "",
            "owner_id": "925438610009",
            "tags": {
              "Name": "bootcamp_public_subnet_0"
            },
            "timeouts": null,
            "vpc_id": "vpc-012da98d88bc30881"
          },
          "private": "eyJlMmJmYjczMC1lY2FhLTExZTYtOGY4OC0zNDM2M2JjN2M0YzAiOnsiY3JlYXRlIjo2MDAwMDAwMDAwMDAsImRlbGV0ZSI6MTIwMDAwMDAwMDAwMH0sInNjaGVtYV92ZXJzaW9uIjoiMSJ9",
          "dependencies": [
            "aws_vpc.bootcamp"
          ]
        },
        {
          "index_key": 1,
          "schema_version": 1,
          "attributes": {
            "arn": "arn:aws:ec2:us-east-1:925438610009:subnet/subnet-0c4d57e05313ec571",
            "assign_ipv6_address_on_creation": false,
            "availability_zone": "us-east-1b",
            "availability_zone_id": "use1-az4",
            "cidr_block": "192.168.21.0/24",
            "id": "subnet-0c4d57e05313ec571",
            "ipv6_cidr_block": "",
            "ipv6_cidr_block_association_id": "",
            "map_public_ip_on_launch": true,
            "outpost_arn": "",
            "owner_id": "925438610009",
            "tags": {
              "Name": "bootcamp_public_subnet_1"
            },
            "timeouts": null,
            "vpc_id": "vpc-012da98d88bc30881"
          },
          "private": "eyJlMmJmYjczMC1lY2FhLTExZTYtOGY4OC0zNDM2M2JjN2M0YzAiOnsiY3JlYXRlIjo2MDAwMDAwMDAwMDAsImRlbGV0ZSI6MTIwMDAwMDAwMDAwMH0sInNjaGVtYV92ZXJzaW9uIjoiMSJ9",
          "dependencies": [
            "aws_vpc.bootcamp"
          ]
        },
        {
          "index_key": 2,
          "schema_version": 1,
          "attributes": {
            "arn": "arn:aws:ec2:us-east-1:925438610009:subnet/subnet-04a66895dcdd1d77e",
            "assign_ipv6_address_on_creation": false,
            "availability_zone": "us-east-1c",
            "availability_zone_id": "use1-az6",
            "cidr_block": "192.168.22.0/24",
            "id": "subnet-04a66895dcdd1d77e",
            "ipv6_cidr_block": "",
            "ipv6_cidr_block_association_id": "",
            "map_public_ip_on_launch": true,
            "outpost_arn": "",
            "owner_id": "925438610009",
            "tags": {
              "Name": "bootcamp_public_subnet_2"
            },
            "timeouts": null,
            "vpc_id": "vpc-012da98d88bc30881"
          },
          "private": "eyJlMmJmYjczMC1lY2FhLTExZTYtOGY4OC0zNDM2M2JjN2M0YzAiOnsiY3JlYXRlIjo2MDAwMDAwMDAwMDAsImRlbGV0ZSI6MTIwMDAwMDAwMDAwMH0sInNjaGVtYV92ZXJzaW9uIjoiMSJ9",
          "dependencies": [
            "aws_vpc.bootcamp"
          ]
        }
      ]
    },
    {
      "mode": "managed",
      "type": "aws_vpc",
      "name": "bootcamp",
      "provider": "provider.aws",
      "instances": [
        {
          "schema_version": 1,
          "attributes": {
            "arn": "arn:aws:ec2:us-east-1:925438610009:vpc/vpc-012da98d88bc30881",
            "assign_generated_ipv6_cidr_block": false,
            "cidr_block": "192.168.0.0/16",
            "default_network_acl_id": "acl-03319be53d66869e3",
            "default_route_table_id": "rtb-03ae700a93eceb9aa",
            "default_security_group_id": "sg-09ae237467e8751a0",
            "dhcp_options_id": "dopt-6b03e411",
            "enable_classiclink": false,
            "enable_classiclink_dns_support": false,
            "enable_dns_hostnames": false,
            "enable_dns_support": true,
            "id": "vpc-012da98d88bc30881",
            "instance_tenancy": "default",
            "ipv6_association_id": "",
            "ipv6_cidr_block": "",
            "main_route_table_id": "rtb-03ae700a93eceb9aa",
            "owner_id": "925438610009",
            "tags": {
              "Name": "bootcamp"
            }
          },
          "private": "eyJzY2hlbWFfdmVyc2lvbiI6IjEifQ=="
        }
      ]
    }
  ]
}
