{
  "version": 4,
  "terraform_version": "0.12.26",
  "serial": 95,
  "lineage": "516f0128-9617-0c08-463c-4142aea4f23d",
  "outputs": {
    "database_endpoint": {
      "value": "bootcamp-rds.ctpkxhc2km9o.us-east-1.rds.amazonaws.com:5432",
      "type": "string"
    },
    "lb_dns_name": {
      "value": "bootcamp-alb-335168917.us-east-1.elb.amazonaws.com",
      "type": "string"
    },
    "public_ips": {
      "value": "52.91.255.38, 52.4.156.166, 34.201.170.47",
      "type": "string"
    }
  },
  "resources": [
    {
      "module": "module.rds.module.db_instance",
      "mode": "data",
      "type": "aws_iam_policy_document",
      "name": "enhanced_monitoring",
      "provider": "provider.aws",
      "instances": [
        {
          "schema_version": 0,
          "attributes": {
            "id": "1813475199",
            "json": "{\n  \"Version\": \"2012-10-17\",\n  \"Statement\": [\n    {\n      \"Sid\": \"\",\n      \"Effect\": \"Allow\",\n      \"Action\": \"sts:AssumeRole\",\n      \"Principal\": {\n        \"Service\": \"monitoring.rds.amazonaws.com\"\n      }\n    }\n  ]\n}",
            "override_json": null,
            "policy_id": null,
            "source_json": null,
            "statement": [
              {
                "actions": [
                  "sts:AssumeRole"
                ],
                "condition": [],
                "effect": "Allow",
                "not_actions": [],
                "not_principals": [],
                "not_resources": [],
                "principals": [
                  {
                    "identifiers": [
                      "monitoring.rds.amazonaws.com"
                    ],
                    "type": "Service"
                  }
                ],
                "resources": [],
                "sid": ""
              }
            ],
            "version": "2012-10-17"
          }
        }
      ]
    },
    {
      "mode": "data",
      "type": "aws_s3_bucket",
      "name": "lambda",
      "provider": "provider.aws",
      "instances": [
        {
          "schema_version": 0,
          "attributes": {
            "arn": "arn:aws:s3:::bootcamp-turma2-2020",
            "bucket": "bootcamp-turma2-2020",
            "bucket_domain_name": "bootcamp-turma2-2020.s3.amazonaws.com",
            "bucket_regional_domain_name": "bootcamp-turma2-2020.s3.amazonaws.com",
            "hosted_zone_id": "Z3AQBSTGFYJSTF",
            "id": "bootcamp-turma2-2020",
            "region": "us-east-1",
            "website_domain": null,
            "website_endpoint": null
          }
        }
      ]
    },
    {
      "module": "module.rds.module.db_instance",
      "mode": "managed",
      "type": "aws_db_instance",
      "name": "this",
      "each": "list",
      "provider": "provider.aws",
      "instances": [
        {
          "index_key": 0,
          "schema_version": 1,
          "attributes": {
            "address": "bootcamp-rds.ctpkxhc2km9o.us-east-1.rds.amazonaws.com",
            "allocated_storage": 20,
            "allow_major_version_upgrade": false,
            "apply_immediately": false,
            "arn": "arn:aws:rds:us-east-1:925438610009:db:bootcamp-rds",
            "auto_minor_version_upgrade": true,
            "availability_zone": "us-east-1c",
            "backup_retention_period": 1,
            "backup_window": "05:30-06:30",
            "ca_cert_identifier": "rds-ca-2019",
            "character_set_name": null,
            "copy_tags_to_snapshot": false,
            "db_subnet_group_name": "bootcamp-rds-20200727182943088400000002",
            "delete_automated_backups": true,
            "deletion_protection": false,
            "domain": "",
            "domain_iam_role_name": "",
            "enabled_cloudwatch_logs_exports": [],
            "endpoint": "bootcamp-rds.ctpkxhc2km9o.us-east-1.rds.amazonaws.com:5432",
            "engine": "postgres",
            "engine_version": "9.6.9",
            "final_snapshot_identifier": null,
            "hosted_zone_id": "Z2R2ITUGPM61AM",
            "iam_database_authentication_enabled": false,
            "id": "bootcamp-rds",
            "identifier": "bootcamp-rds",
            "identifier_prefix": null,
            "instance_class": "db.t2.micro",
            "iops": 0,
            "kms_key_id": "",
            "license_model": "postgresql-license",
            "maintenance_window": "thu:03:30-thu:05:30",
            "max_allocated_storage": 0,
            "monitoring_interval": 0,
            "monitoring_role_arn": "",
            "multi_az": false,
            "name": "bootcamp",
            "option_group_name": "bootcamp-rds-20200727182459635300000001",
            "parameter_group_name": "default.postgres9.6",
            "password": "bootcamp2020",
            "performance_insights_enabled": false,
            "performance_insights_kms_key_id": "",
            "performance_insights_retention_period": 0,
            "port": 5432,
            "publicly_accessible": false,
            "replicas": [],
            "replicate_source_db": "",
            "resource_id": "db-XY5VM5VLV5JLZJCFES7VCSHQCI",
            "s3_import": [],
            "security_group_names": [],
            "skip_final_snapshot": true,
            "snapshot_identifier": "",
            "status": "available",
            "storage_encrypted": false,
            "storage_type": "gp2",
            "tags": {
              "Name": "bootcamp-rds"
            },
            "timeouts": {
              "create": "40m",
              "delete": "40m",
              "update": "80m"
            },
            "timezone": "",
            "username": "bootcamp",
            "vpc_security_group_ids": [
              "sg-0631e94961580c9f9"
            ]
          },
          "private": "eyJlMmJmYjczMC1lY2FhLTExZTYtOGY4OC0zNDM2M2JjN2M0YzAiOnsiY3JlYXRlIjoyNDAwMDAwMDAwMDAwLCJkZWxldGUiOjI0MDAwMDAwMDAwMDAsInVwZGF0ZSI6NDgwMDAwMDAwMDAwMH0sInNjaGVtYV92ZXJzaW9uIjoiMSJ9",
          "dependencies": [
            "aws_security_group.database",
            "aws_subnet.private",
            "module.rds.module.db_instance.aws_iam_role.enhanced_monitoring",
            "module.rds.module.db_option_group.aws_db_option_group.this",
            "module.rds.module.db_parameter_group.aws_db_parameter_group.this",
            "module.rds.module.db_parameter_group.aws_db_parameter_group.this_no_prefix",
            "module.rds.module.db_subnet_group.aws_db_subnet_group.this"
          ]
        }
      ]
    },
    {
      "module": "module.rds.module.db_instance",
      "mode": "managed",
      "type": "aws_db_instance",
      "name": "this_mssql",
      "each": "list",
      "provider": "provider.aws",
      "instances": []
    },
    {
      "module": "module.rds.module.db_option_group",
      "mode": "managed",
      "type": "aws_db_option_group",
      "name": "this",
      "each": "list",
      "provider": "provider.aws",
      "instances": [
        {
          "index_key": 0,
          "schema_version": 0,
          "attributes": {
            "arn": "arn:aws:rds:us-east-1:925438610009:og:bootcamp-rds-20200727182459635300000001",
            "engine_name": "postgres",
            "id": "bootcamp-rds-20200727182459635300000001",
            "major_engine_version": "9.6",
            "name": "bootcamp-rds-20200727182459635300000001",
            "name_prefix": "bootcamp-rds-",
            "option": [],
            "option_group_description": "Option group for bootcamp-rds",
            "tags": {
              "Name": "bootcamp-rds"
            },
            "timeouts": {
              "delete": "15m"
            }
          },
          "private": "eyJlMmJmYjczMC1lY2FhLTExZTYtOGY4OC0zNDM2M2JjN2M0YzAiOnsiZGVsZXRlIjo5MDAwMDAwMDAwMDB9fQ=="
        }
      ]
    },
    {
      "module": "module.rds.module.db_parameter_group",
      "mode": "managed",
      "type": "aws_db_parameter_group",
      "name": "this",
      "each": "list",
      "provider": "provider.aws",
      "instances": []
    },
    {
      "module": "module.rds.module.db_parameter_group",
      "mode": "managed",
      "type": "aws_db_parameter_group",
      "name": "this_no_prefix",
      "each": "list",
      "provider": "provider.aws",
      "instances": []
    },
    {
      "module": "module.rds.module.db_subnet_group",
      "mode": "managed",
      "type": "aws_db_subnet_group",
      "name": "this",
      "each": "list",
      "provider": "provider.aws",
      "instances": [
        {
          "index_key": 0,
          "schema_version": 0,
          "attributes": {
            "arn": "arn:aws:rds:us-east-1:925438610009:subgrp:bootcamp-rds-20200727182943088400000002",
            "description": "Database subnet group for bootcamp-rds",
            "id": "bootcamp-rds-20200727182943088400000002",
            "name": "bootcamp-rds-20200727182943088400000002",
            "name_prefix": "bootcamp-rds-",
            "subnet_ids": [
              "subnet-0292bf3e6d4b09af9",
              "subnet-044274e2f61c8c3bc",
              "subnet-0db56b11f6996dc3f"
            ],
            "tags": {
              "Name": "bootcamp-rds"
            }
          },
          "private": "bnVsbA==",
          "dependencies": [
            "aws_subnet.private"
          ]
        }
      ]
    },
    {
      "module": "module.rds.module.db_instance",
      "mode": "managed",
      "type": "aws_iam_role",
      "name": "enhanced_monitoring",
      "each": "list",
      "provider": "provider.aws",
      "instances": []
    },
    {
      "mode": "managed",
      "type": "aws_iam_role",
      "name": "lambda_exec_role",
      "provider": "provider.aws",
      "instances": [
        {
          "schema_version": 0,
          "attributes": {
            "arn": "arn:aws:iam::925438610009:role/LambdaExecRole",
            "assume_role_policy": "{\"Version\":\"2012-10-17\",\"Statement\":[{\"Sid\":\"\",\"Effect\":\"Allow\",\"Principal\":{\"Service\":\"lambda.amazonaws.com\"},\"Action\":\"sts:AssumeRole\"}]}",
            "create_date": "2020-07-27T21:22:02Z",
            "description": "",
            "force_detach_policies": false,
            "id": "LambdaExecRole",
            "max_session_duration": 3600,
            "name": "LambdaExecRole",
            "name_prefix": null,
            "path": "/",
            "permissions_boundary": null,
            "tags": {},
            "unique_id": "AROA5O6DQRJM2X2YUVBI7"
          },
          "private": "bnVsbA=="
        }
      ]
    },
    {
      "mode": "managed",
      "type": "aws_iam_role_policy_attachment",
      "name": "aws_lambda_vpc_access",
      "provider": "provider.aws",
      "instances": [
        {
          "schema_version": 0,
          "attributes": {
            "id": "LambdaExecRole-20200727212203123300000001",
            "policy_arn": "arn:aws:iam::aws:policy/service-role/AWSLambdaVPCAccessExecutionRole",
            "role": "LambdaExecRole"
          },
          "private": "bnVsbA==",
          "dependencies": [
            "aws_iam_role.lambda_exec_role"
          ]
        }
      ]
    },
    {
      "module": "module.rds.module.db_instance",
      "mode": "managed",
      "type": "aws_iam_role_policy_attachment",
      "name": "enhanced_monitoring",
      "each": "list",
      "provider": "provider.aws",
      "instances": []
    },
    {
      "mode": "managed",
      "type": "aws_instance",
      "name": "instances",
      "each": "list",
      "provider": "provider.aws",
      "instances": [
        {
          "index_key": 0,
          "schema_version": 1,
          "attributes": {
            "ami": "ami-0fc61db8544a617ed",
            "arn": "arn:aws:ec2:us-east-1:925438610009:instance/i-0a826570635f26d5a",
            "associate_public_ip_address": true,
            "availability_zone": "us-east-1a",
            "cpu_core_count": 1,
            "cpu_threads_per_core": 1,
            "credit_specification": [
              {
                "cpu_credits": "standard"
              }
            ],
            "disable_api_termination": false,
            "ebs_block_device": [],
            "ebs_optimized": false,
            "ephemeral_block_device": [],
            "get_password_data": false,
            "hibernation": false,
            "host_id": null,
            "iam_instance_profile": "",
            "id": "i-0a826570635f26d5a",
            "instance_initiated_shutdown_behavior": null,
            "instance_state": "running",
            "instance_type": "t2.micro",
            "ipv6_address_count": 0,
            "ipv6_addresses": [],
            "key_name": "bootcamp",
            "metadata_options": [
              {
                "http_endpoint": "enabled",
                "http_put_response_hop_limit": 1,
                "http_tokens": "optional"
              }
            ],
            "monitoring": false,
            "network_interface": [],
            "network_interface_id": null,
            "outpost_arn": "",
            "password_data": "",
            "placement_group": "",
            "primary_network_interface_id": "eni-06f9a59640baddef5",
            "private_dns": "ip-192-168-20-205.ec2.internal",
            "private_ip": "192.168.20.205",
            "public_dns": "",
            "public_ip": "52.91.255.38",
            "root_block_device": [
              {
                "delete_on_termination": true,
                "device_name": "/dev/xvda",
                "encrypted": false,
                "iops": 100,
                "kms_key_id": "",
                "volume_id": "vol-0e7d75cae1e205d7c",
                "volume_size": 8,
                "volume_type": "gp2"
              }
            ],
            "security_groups": [],
            "source_dest_check": true,
            "subnet_id": "subnet-02a6c78a67d08f590",
            "tags": {
              "Name": "bootcamp_instances"
            },
            "tenancy": "default",
            "timeouts": null,
            "user_data": "5edf3b8bf4104a281f80c6b83a6791d6c968f690",
            "user_data_base64": null,
            "volume_tags": {},
            "vpc_security_group_ids": [
              "sg-01439f0e0b4c5bc1f",
              "sg-01de4247fb16b0cb4",
              "sg-0631e94961580c9f9",
              "sg-0e3ce2041b0ec07d2"
            ]
          },
          "private": "eyJlMmJmYjczMC1lY2FhLTExZTYtOGY4OC0zNDM2M2JjN2M0YzAiOnsiY3JlYXRlIjo2MDAwMDAwMDAwMDAsImRlbGV0ZSI6MTIwMDAwMDAwMDAwMCwidXBkYXRlIjo2MDAwMDAwMDAwMDB9LCJzY2hlbWFfdmVyc2lvbiI6IjEifQ==",
          "dependencies": [
            "aws_security_group.allow_app",
            "aws_security_group.allow_outbound",
            "aws_security_group.allow_ssh",
            "aws_security_group.database",
            "aws_subnet.public",
            "aws_vpc.bootcamp",
            "module.rds.module.db_instance.aws_db_instance.this",
            "module.rds.module.db_instance.aws_db_instance.this_mssql"
          ]
        },
        {
          "index_key": 1,
          "schema_version": 1,
          "attributes": {
            "ami": "ami-0fc61db8544a617ed",
            "arn": "arn:aws:ec2:us-east-1:925438610009:instance/i-0b223f5dc04295845",
            "associate_public_ip_address": true,
            "availability_zone": "us-east-1b",
            "cpu_core_count": 1,
            "cpu_threads_per_core": 1,
            "credit_specification": [
              {
                "cpu_credits": "standard"
              }
            ],
            "disable_api_termination": false,
            "ebs_block_device": [],
            "ebs_optimized": false,
            "ephemeral_block_device": [],
            "get_password_data": false,
            "hibernation": false,
            "host_id": null,
            "iam_instance_profile": "",
            "id": "i-0b223f5dc04295845",
            "instance_initiated_shutdown_behavior": null,
            "instance_state": "running",
            "instance_type": "t2.micro",
            "ipv6_address_count": 0,
            "ipv6_addresses": [],
            "key_name": "bootcamp",
            "metadata_options": [
              {
                "http_endpoint": "enabled",
                "http_put_response_hop_limit": 1,
                "http_tokens": "optional"
              }
            ],
            "monitoring": false,
            "network_interface": [],
            "network_interface_id": null,
            "outpost_arn": "",
            "password_data": "",
            "placement_group": "",
            "primary_network_interface_id": "eni-061d52c64e3ee4dd2",
            "private_dns": "ip-192-168-21-100.ec2.internal",
            "private_ip": "192.168.21.100",
            "public_dns": "",
            "public_ip": "52.4.156.166",
            "root_block_device": [
              {
                "delete_on_termination": true,
                "device_name": "/dev/xvda",
                "encrypted": false,
                "iops": 100,
                "kms_key_id": "",
                "volume_id": "vol-0c63cf593d8cf445e",
                "volume_size": 8,
                "volume_type": "gp2"
              }
            ],
            "security_groups": [],
            "source_dest_check": true,
            "subnet_id": "subnet-0c4d57e05313ec571",
            "tags": {
              "Name": "bootcamp_instances"
            },
            "tenancy": "default",
            "timeouts": null,
            "user_data": "5edf3b8bf4104a281f80c6b83a6791d6c968f690",
            "user_data_base64": null,
            "volume_tags": {},
            "vpc_security_group_ids": [
              "sg-01439f0e0b4c5bc1f",
              "sg-01de4247fb16b0cb4",
              "sg-0631e94961580c9f9",
              "sg-0e3ce2041b0ec07d2"
            ]
          },
          "private": "eyJlMmJmYjczMC1lY2FhLTExZTYtOGY4OC0zNDM2M2JjN2M0YzAiOnsiY3JlYXRlIjo2MDAwMDAwMDAwMDAsImRlbGV0ZSI6MTIwMDAwMDAwMDAwMCwidXBkYXRlIjo2MDAwMDAwMDAwMDB9LCJzY2hlbWFfdmVyc2lvbiI6IjEifQ==",
          "dependencies": [
            "aws_security_group.allow_app",
            "aws_security_group.allow_outbound",
            "aws_security_group.allow_ssh",
            "aws_security_group.database",
            "aws_subnet.public",
            "aws_vpc.bootcamp",
            "module.rds.module.db_instance.aws_db_instance.this",
            "module.rds.module.db_instance.aws_db_instance.this_mssql"
          ]
        },
        {
          "index_key": 2,
          "schema_version": 1,
          "attributes": {
            "ami": "ami-0fc61db8544a617ed",
            "arn": "arn:aws:ec2:us-east-1:925438610009:instance/i-081ef350ee488368e",
            "associate_public_ip_address": true,
            "availability_zone": "us-east-1c",
            "cpu_core_count": 1,
            "cpu_threads_per_core": 1,
            "credit_specification": [
              {
                "cpu_credits": "standard"
              }
            ],
            "disable_api_termination": false,
            "ebs_block_device": [],
            "ebs_optimized": false,
            "ephemeral_block_device": [],
            "get_password_data": false,
            "hibernation": false,
            "host_id": null,
            "iam_instance_profile": "",
            "id": "i-081ef350ee488368e",
            "instance_initiated_shutdown_behavior": null,
            "instance_state": "running",
            "instance_type": "t2.micro",
            "ipv6_address_count": 0,
            "ipv6_addresses": [],
            "key_name": "bootcamp",
            "metadata_options": [
              {
                "http_endpoint": "enabled",
                "http_put_response_hop_limit": 1,
                "http_tokens": "optional"
              }
            ],
            "monitoring": false,
            "network_interface": [],
            "network_interface_id": null,
            "outpost_arn": "",
            "password_data": "",
            "placement_group": "",
            "primary_network_interface_id": "eni-07bdb14adcbb23fe6",
            "private_dns": "ip-192-168-22-101.ec2.internal",
            "private_ip": "192.168.22.101",
            "public_dns": "",
            "public_ip": "34.201.170.47",
            "root_block_device": [
              {
                "delete_on_termination": true,
                "device_name": "/dev/xvda",
                "encrypted": false,
                "iops": 100,
                "kms_key_id": "",
                "volume_id": "vol-02ca7375859f9dd73",
                "volume_size": 8,
                "volume_type": "gp2"
              }
            ],
            "security_groups": [],
            "source_dest_check": true,
            "subnet_id": "subnet-04a66895dcdd1d77e",
            "tags": {
              "Name": "bootcamp_instances"
            },
            "tenancy": "default",
            "timeouts": null,
            "user_data": "5edf3b8bf4104a281f80c6b83a6791d6c968f690",
            "user_data_base64": null,
            "volume_tags": {},
            "vpc_security_group_ids": [
              "sg-01439f0e0b4c5bc1f",
              "sg-01de4247fb16b0cb4",
              "sg-0631e94961580c9f9",
              "sg-0e3ce2041b0ec07d2"
            ]
          },
          "private": "eyJlMmJmYjczMC1lY2FhLTExZTYtOGY4OC0zNDM2M2JjN2M0YzAiOnsiY3JlYXRlIjo2MDAwMDAwMDAwMDAsImRlbGV0ZSI6MTIwMDAwMDAwMDAwMCwidXBkYXRlIjo2MDAwMDAwMDAwMDB9LCJzY2hlbWFfdmVyc2lvbiI6IjEifQ==",
          "dependencies": [
            "aws_security_group.allow_app",
            "aws_security_group.allow_outbound",
            "aws_security_group.allow_ssh",
            "aws_security_group.database",
            "aws_subnet.public",
            "aws_vpc.bootcamp",
            "module.rds.module.db_instance.aws_db_instance.this",
            "module.rds.module.db_instance.aws_db_instance.this_mssql"
          ]
        }
      ]
    },
    {
      "mode": "managed",
      "type": "aws_internet_gateway",
      "name": "igw",
      "provider": "provider.aws",
      "instances": [
        {
          "schema_version": 0,
          "attributes": {
            "arn": "arn:aws:ec2:us-east-1:925438610009:internet-gateway/igw-03fc277a3596eb364",
            "id": "igw-03fc277a3596eb364",
            "owner_id": "925438610009",
            "tags": {
              "Name": "bootcamp_igw"
            },
            "vpc_id": "vpc-012da98d88bc30881"
          },
          "private": "bnVsbA==",
          "dependencies": [
            "aws_vpc.bootcamp"
          ]
        }
      ]
    },
    {
      "mode": "managed",
      "type": "aws_lambda_function",
      "name": "slack_lambda_function",
      "provider": "provider.aws",
      "instances": [
        {
          "schema_version": 0,
          "attributes": {
            "arn": "arn:aws:lambda:us-east-1:925438610009:function:bootcamp-slack-lambda",
            "dead_letter_config": [],
            "description": "",
            "environment": [
              {
                "variables": {
                  "PGDATABASE": "bootcamp",
                  "PGHOST": "bootcamp-rds.ctpkxhc2km9o.us-east-1.rds.amazonaws.com",
                  "PGPASSWORD": "bootcamp2020",
                  "PGPORT": "5432",
                  "PGUSER": "bootcamp"
                }
              }
            ],
            "file_system_config": [],
            "filename": null,
            "function_name": "bootcamp-slack-lambda",
            "handler": "main.handler",
            "id": "bootcamp-slack-lambda",
            "invoke_arn": "arn:aws:apigateway:us-east-1:lambda:path/2015-03-31/functions/arn:aws:lambda:us-east-1:925438610009:function:bootcamp-slack-lambda/invocations",
            "kms_key_arn": "",
            "last_modified": "2020-07-27T21:25:06.680+0000",
            "layers": [],
            "memory_size": 128,
            "publish": false,
            "qualified_arn": "arn:aws:lambda:us-east-1:925438610009:function:bootcamp-slack-lambda:$LATEST",
            "reserved_concurrent_executions": 50,
            "role": "arn:aws:iam::925438610009:role/LambdaExecRole",
            "runtime": "nodejs12.x",
            "s3_bucket": "bootcamp-turma2-2020",
            "s3_key": "v1.0.0/bootcamp_lambda.zip",
            "s3_object_version": null,
            "source_code_hash": "1mpO6sYtlkj/D8/PZOD+1/Kg/x2oEM9qtCfxuNkicEM=",
            "source_code_size": 248917,
            "tags": {},
            "timeout": 3,
            "timeouts": null,
            "tracing_config": [
              {
                "mode": "PassThrough"
              }
            ],
            "version": "$LATEST",
            "vpc_config": [
              {
                "security_group_ids": [
                  "sg-0631e94961580c9f9",
                  "sg-0e3ce2041b0ec07d2"
                ],
                "subnet_ids": [
                  "subnet-0292bf3e6d4b09af9",
                  "subnet-044274e2f61c8c3bc",
                  "subnet-0db56b11f6996dc3f"
                ],
                "vpc_id": "vpc-012da98d88bc30881"
              }
            ]
          },
          "private": "eyJlMmJmYjczMC1lY2FhLTExZTYtOGY4OC0zNDM2M2JjN2M0YzAiOnsiY3JlYXRlIjo2MDAwMDAwMDAwMDB9fQ==",
          "dependencies": [
            "aws_iam_role.lambda_exec_role",
            "aws_security_group.allow_outbound",
            "aws_security_group.database",
            "aws_subnet.private",
            "module.rds.module.db_instance.aws_db_instance.this",
            "module.rds.module.db_instance.aws_db_instance.this_mssql"
          ]
        }
      ]
    },
    {
      "module": "module.alb",
      "mode": "managed",
      "type": "aws_lb",
      "name": "this",
      "each": "list",
      "provider": "provider.aws",
      "instances": [
        {
          "index_key": 0,
          "schema_version": 0,
          "attributes": {
            "access_logs": [
              {
                "bucket": "",
                "enabled": false,
                "prefix": ""
              }
            ],
            "arn": "arn:aws:elasticloadbalancing:us-east-1:925438610009:loadbalancer/app/bootcamp-alb/a68fda709c25225c",
            "arn_suffix": "app/bootcamp-alb/a68fda709c25225c",
            "dns_name": "bootcamp-alb-335168917.us-east-1.elb.amazonaws.com",
            "drop_invalid_header_fields": false,
            "enable_cross_zone_load_balancing": null,
            "enable_deletion_protection": false,
            "enable_http2": true,
            "id": "arn:aws:elasticloadbalancing:us-east-1:925438610009:loadbalancer/app/bootcamp-alb/a68fda709c25225c",
            "idle_timeout": 60,
            "internal": false,
            "ip_address_type": "ipv4",
            "load_balancer_type": "application",
            "name": "bootcamp-alb",
            "name_prefix": null,
            "security_groups": [
              "sg-01439f0e0b4c5bc1f",
              "sg-0695aa498a2b1d030"
            ],
            "subnet_mapping": [
              {
                "allocation_id": "",
                "subnet_id": "subnet-02a6c78a67d08f590"
              },
              {
                "allocation_id": "",
                "subnet_id": "subnet-04a66895dcdd1d77e"
              },
              {
                "allocation_id": "",
                "subnet_id": "subnet-0c4d57e05313ec571"
              }
            ],
            "subnets": [
              "subnet-02a6c78a67d08f590",
              "subnet-04a66895dcdd1d77e",
              "subnet-0c4d57e05313ec571"
            ],
            "tags": {
              "Name": "bootcamp-alb"
            },
            "timeouts": {
              "create": "10m",
              "delete": "10m",
              "update": "10m"
            },
            "vpc_id": "vpc-012da98d88bc30881",
            "zone_id": "Z35SXDOTRQ7X7K"
          },
          "private": "eyJlMmJmYjczMC1lY2FhLTExZTYtOGY4OC0zNDM2M2JjN2M0YzAiOnsiY3JlYXRlIjo2MDAwMDAwMDAwMDAsImRlbGV0ZSI6NjAwMDAwMDAwMDAwLCJ1cGRhdGUiOjYwMDAwMDAwMDAwMH19",
          "dependencies": [
            "aws_security_group.allow_app",
            "aws_security_group.load_balancer",
            "aws_subnet.public",
            "aws_vpc.bootcamp"
          ]
        }
      ]
    },
    {
      "module": "module.alb",
      "mode": "managed",
      "type": "aws_lb_listener",
      "name": "frontend_http_tcp",
      "each": "list",
      "provider": "provider.aws",
      "instances": [
        {
          "index_key": 0,
          "schema_version": 0,
          "attributes": {
            "arn": "arn:aws:elasticloadbalancing:us-east-1:925438610009:listener/app/bootcamp-alb/a68fda709c25225c/45f7fe730a1f4401",
            "certificate_arn": null,
            "default_action": [
              {
                "authenticate_cognito": [],
                "authenticate_oidc": [],
                "fixed_response": [],
                "forward": [],
                "order": 1,
                "redirect": [],
                "target_group_arn": "arn:aws:elasticloadbalancing:us-east-1:925438610009:targetgroup/bootcp20200727194819277000000001/6e1361c2d8891ccb",
                "type": "forward"
              }
            ],
            "id": "arn:aws:elasticloadbalancing:us-east-1:925438610009:listener/app/bootcamp-alb/a68fda709c25225c/45f7fe730a1f4401",
            "load_balancer_arn": "arn:aws:elasticloadbalancing:us-east-1:925438610009:loadbalancer/app/bootcamp-alb/a68fda709c25225c",
            "port": 80,
            "protocol": "HTTP",
            "ssl_policy": "",
            "timeouts": null
          },
          "private": "eyJlMmJmYjczMC1lY2FhLTExZTYtOGY4OC0zNDM2M2JjN2M0YzAiOnsicmVhZCI6NjAwMDAwMDAwMDAwfX0=",
          "dependencies": [
            "aws_security_group.allow_app",
            "aws_security_group.load_balancer",
            "aws_subnet.public",
            "aws_vpc.bootcamp",
            "module.alb.aws_lb.this",
            "module.alb.aws_lb_target_group.main"
          ]
        }
      ]
    },
    {
      "module": "module.alb",
      "mode": "managed",
      "type": "aws_lb_listener",
      "name": "frontend_https",
      "each": "list",
      "provider": "provider.aws",
      "instances": []
    },
    {
      "module": "module.alb",
      "mode": "managed",
      "type": "aws_lb_listener_certificate",
      "name": "https_listener",
      "each": "list",
      "provider": "provider.aws",
      "instances": []
    },
    {
      "module": "module.alb",
      "mode": "managed",
      "type": "aws_lb_target_group",
      "name": "main",
      "each": "list",
      "provider": "provider.aws",
      "instances": [
        {
          "index_key": 0,
          "schema_version": 0,
          "attributes": {
            "arn": "arn:aws:elasticloadbalancing:us-east-1:925438610009:targetgroup/bootcp20200727194819277000000001/6e1361c2d8891ccb",
            "arn_suffix": "targetgroup/bootcp20200727194819277000000001/6e1361c2d8891ccb",
            "deregistration_delay": 300,
            "health_check": [
              {
                "enabled": true,
                "healthy_threshold": 2,
                "interval": 60,
                "matcher": "200",
                "path": "/actuator/health",
                "port": "traffic-port",
                "protocol": "HTTP",
                "timeout": 10,
                "unhealthy_threshold": 2
              }
            ],
            "id": "arn:aws:elasticloadbalancing:us-east-1:925438610009:targetgroup/bootcp20200727194819277000000001/6e1361c2d8891ccb",
            "lambda_multi_value_headers_enabled": false,
            "load_balancing_algorithm_type": "round_robin",
            "name": "bootcp20200727194819277000000001",
            "name_prefix": "bootcp",
            "port": 8080,
            "protocol": "HTTP",
            "proxy_protocol_v2": false,
            "slow_start": 0,
            "stickiness": [
              {
                "cookie_duration": 86400,
                "enabled": false,
                "type": "lb_cookie"
              }
            ],
            "tags": {
              "Name": "bootcp"
            },
            "target_type": "instance",
            "vpc_id": "vpc-012da98d88bc30881"
          },
          "private": "bnVsbA==",
          "dependencies": [
            "aws_security_group.allow_app",
            "aws_security_group.load_balancer",
            "aws_subnet.public",
            "aws_vpc.bootcamp",
            "module.alb.aws_lb.this"
          ]
        }
      ]
    },
    {
      "mode": "managed",
      "type": "aws_lb_target_group_attachment",
      "name": "alb_group_attachment",
      "each": "list",
      "provider": "provider.aws",
      "instances": [
        {
          "index_key": 0,
          "schema_version": 0,
          "attributes": {
            "availability_zone": null,
            "id": "arn:aws:elasticloadbalancing:us-east-1:925438610009:targetgroup/bootcp20200727194819277000000001/6e1361c2d8891ccb-20200727194819867700000004",
            "port": 8080,
            "target_group_arn": "arn:aws:elasticloadbalancing:us-east-1:925438610009:targetgroup/bootcp20200727194819277000000001/6e1361c2d8891ccb",
            "target_id": "i-0a826570635f26d5a"
          },
          "private": "bnVsbA==",
          "dependencies": [
            "aws_instance.instances",
            "aws_security_group.allow_app",
            "aws_security_group.allow_outbound",
            "aws_security_group.allow_ssh",
            "aws_security_group.database",
            "aws_security_group.load_balancer",
            "aws_subnet.public",
            "aws_vpc.bootcamp",
            "module.alb.aws_lb.this",
            "module.alb.aws_lb_target_group.main",
            "module.rds.module.db_instance.aws_db_instance.this",
            "module.rds.module.db_instance.aws_db_instance.this_mssql"
          ]
        },
        {
          "index_key": 1,
          "schema_version": 0,
          "attributes": {
            "availability_zone": null,
            "id": "arn:aws:elasticloadbalancing:us-east-1:925438610009:targetgroup/bootcp20200727194819277000000001/6e1361c2d8891ccb-20200727194819835600000003",
            "port": 8080,
            "target_group_arn": "arn:aws:elasticloadbalancing:us-east-1:925438610009:targetgroup/bootcp20200727194819277000000001/6e1361c2d8891ccb",
            "target_id": "i-0b223f5dc04295845"
          },
          "private": "bnVsbA==",
          "dependencies": [
            "aws_instance.instances",
            "aws_security_group.allow_app",
            "aws_security_group.allow_outbound",
            "aws_security_group.allow_ssh",
            "aws_security_group.database",
            "aws_security_group.load_balancer",
            "aws_subnet.public",
            "aws_vpc.bootcamp",
            "module.alb.aws_lb.this",
            "module.alb.aws_lb_target_group.main",
            "module.rds.module.db_instance.aws_db_instance.this",
            "module.rds.module.db_instance.aws_db_instance.this_mssql"
          ]
        },
        {
          "index_key": 2,
          "schema_version": 0,
          "attributes": {
            "availability_zone": null,
            "id": "arn:aws:elasticloadbalancing:us-east-1:925438610009:targetgroup/bootcp20200727194819277000000001/6e1361c2d8891ccb-20200727194819814800000002",
            "port": 8080,
            "target_group_arn": "arn:aws:elasticloadbalancing:us-east-1:925438610009:targetgroup/bootcp20200727194819277000000001/6e1361c2d8891ccb",
            "target_id": "i-081ef350ee488368e"
          },
          "private": "bnVsbA==",
          "dependencies": [
            "aws_instance.instances",
            "aws_security_group.allow_app",
            "aws_security_group.allow_outbound",
            "aws_security_group.allow_ssh",
            "aws_security_group.database",
            "aws_security_group.load_balancer",
            "aws_subnet.public",
            "aws_vpc.bootcamp",
            "module.alb.aws_lb.this",
            "module.alb.aws_lb_target_group.main",
            "module.rds.module.db_instance.aws_db_instance.this",
            "module.rds.module.db_instance.aws_db_instance.this_mssql"
          ]
        }
      ]
    },
    {
      "mode": "managed",
      "type": "aws_route_table",
      "name": "route_igw",
      "provider": "provider.aws",
      "instances": [
        {
          "schema_version": 0,
          "attributes": {
            "id": "rtb-0b0558e24cbce1572",
            "owner_id": "925438610009",
            "propagating_vgws": [],
            "route": [
              {
                "cidr_block": "0.0.0.0/0",
                "egress_only_gateway_id": "",
                "gateway_id": "igw-03fc277a3596eb364",
                "instance_id": "",
                "ipv6_cidr_block": "",
                "nat_gateway_id": "",
                "network_interface_id": "",
                "transit_gateway_id": "",
                "vpc_peering_connection_id": ""
              }
            ],
            "tags": {
              "Name": "bootcamp_route_igw"
            },
            "vpc_id": "vpc-012da98d88bc30881"
          },
          "private": "bnVsbA==",
          "dependencies": [
            "aws_internet_gateway.igw",
            "aws_vpc.bootcamp"
          ]
        }
      ]
    },
    {
      "mode": "managed",
      "type": "aws_route_table_association",
      "name": "route_table_association",
      "each": "list",
      "provider": "provider.aws",
      "instances": [
        {
          "index_key": 0,
          "schema_version": 0,
          "attributes": {
            "gateway_id": null,
            "id": "rtbassoc-0b45ca3f610859142",
            "route_table_id": "rtb-0b0558e24cbce1572",
            "subnet_id": "subnet-02a6c78a67d08f590"
          },
          "private": "bnVsbA==",
          "dependencies": [
            "aws_internet_gateway.igw",
            "aws_route_table.route_igw",
            "aws_subnet.public",
            "aws_vpc.bootcamp"
          ]
        },
        {
          "index_key": 1,
          "schema_version": 0,
          "attributes": {
            "gateway_id": null,
            "id": "rtbassoc-02dbb43a3fe4d2dea",
            "route_table_id": "rtb-0b0558e24cbce1572",
            "subnet_id": "subnet-0c4d57e05313ec571"
          },
          "private": "bnVsbA==",
          "dependencies": [
            "aws_internet_gateway.igw",
            "aws_route_table.route_igw",
            "aws_subnet.public",
            "aws_vpc.bootcamp"
          ]
        },
        {
          "index_key": 2,
          "schema_version": 0,
          "attributes": {
            "gateway_id": null,
            "id": "rtbassoc-0660bb88e868c7988",
            "route_table_id": "rtb-0b0558e24cbce1572",
            "subnet_id": "subnet-04a66895dcdd1d77e"
          },
          "private": "bnVsbA==",
          "dependencies": [
            "aws_internet_gateway.igw",
            "aws_route_table.route_igw",
            "aws_subnet.public",
            "aws_vpc.bootcamp"
          ]
        }
      ]
    },
    {
      "mode": "managed",
      "type": "aws_security_group",
      "name": "allow_app",
      "provider": "provider.aws",
      "instances": [
        {
          "schema_version": 1,
          "attributes": {
            "arn": "arn:aws:ec2:us-east-1:925438610009:security-group/sg-01439f0e0b4c5bc1f",
            "description": "Managed by Terraform",
            "egress": [],
            "id": "sg-01439f0e0b4c5bc1f",
            "ingress": [
              {
                "cidr_blocks": [],
                "description": "",
                "from_port": 8080,
                "ipv6_cidr_blocks": [],
                "prefix_list_ids": [],
                "protocol": "tcp",
                "security_groups": [],
                "self": true,
                "to_port": 8080
              }
            ],
            "name": "bootcamp_allow_app",
            "name_prefix": null,
            "owner_id": "925438610009",
            "revoke_rules_on_delete": false,
            "tags": {},
            "timeouts": null,
            "vpc_id": "vpc-012da98d88bc30881"
          },
          "private": "eyJlMmJmYjczMC1lY2FhLTExZTYtOGY4OC0zNDM2M2JjN2M0YzAiOnsiY3JlYXRlIjo2MDAwMDAwMDAwMDAsImRlbGV0ZSI6NjAwMDAwMDAwMDAwfSwic2NoZW1hX3ZlcnNpb24iOiIxIn0=",
          "dependencies": [
            "aws_vpc.bootcamp"
          ]
        }
      ]
    },
    {
      "mode": "managed",
      "type": "aws_security_group",
      "name": "allow_outbound",
      "provider": "provider.aws",
      "instances": [
        {
          "schema_version": 1,
          "attributes": {
            "arn": "arn:aws:ec2:us-east-1:925438610009:security-group/sg-0e3ce2041b0ec07d2",
            "description": "Managed by Terraform",
            "egress": [
              {
                "cidr_blocks": [
                  "0.0.0.0/0"
                ],
                "description": "",
                "from_port": 0,
                "ipv6_cidr_blocks": [],
                "prefix_list_ids": [],
                "protocol": "-1",
                "security_groups": [],
                "self": false,
                "to_port": 0
              }
            ],
            "id": "sg-0e3ce2041b0ec07d2",
            "ingress": [],
            "name": "bootcamp_allow_outbound",
            "name_prefix": null,
            "owner_id": "925438610009",
            "revoke_rules_on_delete": false,
            "tags": {
              "Name": "bootcamp_allow_outbound"
            },
            "timeouts": null,
            "vpc_id": "vpc-012da98d88bc30881"
          },
          "private": "eyJlMmJmYjczMC1lY2FhLTExZTYtOGY4OC0zNDM2M2JjN2M0YzAiOnsiY3JlYXRlIjo2MDAwMDAwMDAwMDAsImRlbGV0ZSI6NjAwMDAwMDAwMDAwfSwic2NoZW1hX3ZlcnNpb24iOiIxIn0=",
          "dependencies": [
            "aws_vpc.bootcamp"
          ]
        }
      ]
    },
    {
      "mode": "managed",
      "type": "aws_security_group",
      "name": "allow_ssh",
      "provider": "provider.aws",
      "instances": [
        {
          "schema_version": 1,
          "attributes": {
            "arn": "arn:aws:ec2:us-east-1:925438610009:security-group/sg-01de4247fb16b0cb4",
            "description": "Managed by Terraform",
            "egress": [],
            "id": "sg-01de4247fb16b0cb4",
            "ingress": [
              {
                "cidr_blocks": [
                  "0.0.0.0/0"
                ],
                "description": "",
                "from_port": 22,
                "ipv6_cidr_blocks": [],
                "prefix_list_ids": [],
                "protocol": "tcp",
                "security_groups": [],
                "self": false,
                "to_port": 22
              }
            ],
            "name": "bootcamp_allow_ssh",
            "name_prefix": null,
            "owner_id": "925438610009",
            "revoke_rules_on_delete": false,
            "tags": {
              "Name": "bootcamp_allow_ssh"
            },
            "timeouts": null,
            "vpc_id": "vpc-012da98d88bc30881"
          },
          "private": "eyJlMmJmYjczMC1lY2FhLTExZTYtOGY4OC0zNDM2M2JjN2M0YzAiOnsiY3JlYXRlIjo2MDAwMDAwMDAwMDAsImRlbGV0ZSI6NjAwMDAwMDAwMDAwfSwic2NoZW1hX3ZlcnNpb24iOiIxIn0=",
          "dependencies": [
            "aws_vpc.bootcamp"
          ]
        }
      ]
    },
    {
      "mode": "managed",
      "type": "aws_security_group",
      "name": "database",
      "provider": "provider.aws",
      "instances": [
        {
          "schema_version": 1,
          "attributes": {
            "arn": "arn:aws:ec2:us-east-1:925438610009:security-group/sg-0631e94961580c9f9",
            "description": "Managed by Terraform",
            "egress": [],
            "id": "sg-0631e94961580c9f9",
            "ingress": [
              {
                "cidr_blocks": [],
                "description": "",
                "from_port": 5432,
                "ipv6_cidr_blocks": [],
                "prefix_list_ids": [],
                "protocol": "tcp",
                "security_groups": [],
                "self": true,
                "to_port": 5432
              }
            ],
            "name": "bootcamp_database",
            "name_prefix": null,
            "owner_id": "925438610009",
            "revoke_rules_on_delete": false,
            "tags": {
              "Name": "bootcamp_database"
            },
            "timeouts": null,
            "vpc_id": "vpc-012da98d88bc30881"
          },
          "private": "eyJlMmJmYjczMC1lY2FhLTExZTYtOGY4OC0zNDM2M2JjN2M0YzAiOnsiY3JlYXRlIjo2MDAwMDAwMDAwMDAsImRlbGV0ZSI6NjAwMDAwMDAwMDAwfSwic2NoZW1hX3ZlcnNpb24iOiIxIn0=",
          "dependencies": [
            "aws_vpc.bootcamp"
          ]
        }
      ]
    },
    {
      "mode": "managed",
      "type": "aws_security_group",
      "name": "load_balancer",
      "provider": "provider.aws",
      "instances": [
        {
          "schema_version": 1,
          "attributes": {
            "arn": "arn:aws:ec2:us-east-1:925438610009:security-group/sg-0695aa498a2b1d030",
            "description": "Managed by Terraform",
            "egress": [
              {
                "cidr_blocks": [],
                "description": "",
                "from_port": 8080,
                "ipv6_cidr_blocks": [],
                "prefix_list_ids": [],
                "protocol": "tcp",
                "security_groups": [
                  "sg-01439f0e0b4c5bc1f"
                ],
                "self": false,
                "to_port": 8080
              }
            ],
            "id": "sg-0695aa498a2b1d030",
            "ingress": [
              {
                "cidr_blocks": [
                  "0.0.0.0/0"
                ],
                "description": "",
                "from_port": 80,
                "ipv6_cidr_blocks": [],
                "prefix_list_ids": [],
                "protocol": "tcp",
                "security_groups": [],
                "self": false,
                "to_port": 80
              }
            ],
            "name": "bootcamp_load_balancer",
            "name_prefix": null,
            "owner_id": "925438610009",
            "revoke_rules_on_delete": false,
            "tags": {},
            "timeouts": null,
            "vpc_id": "vpc-012da98d88bc30881"
          },
          "private": "eyJlMmJmYjczMC1lY2FhLTExZTYtOGY4OC0zNDM2M2JjN2M0YzAiOnsiY3JlYXRlIjo2MDAwMDAwMDAwMDAsImRlbGV0ZSI6NjAwMDAwMDAwMDAwfSwic2NoZW1hX3ZlcnNpb24iOiIxIn0=",
          "dependencies": [
            "aws_security_group.allow_app",
            "aws_vpc.bootcamp"
          ]
        }
      ]
    },
    {
      "mode": "managed",
      "type": "aws_subnet",
      "name": "private",
      "each": "list",
      "provider": "provider.aws",
      "instances": [
        {
          "index_key": 0,
          "schema_version": 1,
          "attributes": {
            "arn": "arn:aws:ec2:us-east-1:925438610009:subnet/subnet-044274e2f61c8c3bc",
            "assign_ipv6_address_on_creation": false,
            "availability_zone": "us-east-1a",
            "availability_zone_id": "use1-az2",
            "cidr_block": "192.168.10.0/24",
            "id": "subnet-044274e2f61c8c3bc",
            "ipv6_cidr_block": "",
            "ipv6_cidr_block_association_id": "",
            "map_public_ip_on_launch": false,
            "outpost_arn": "",
            "owner_id": "925438610009",
            "tags": {
              "Name": "bootcamp_private_subnet_0"
            },
            "timeouts": null,
            "vpc_id": "vpc-012da98d88bc30881"
          },
          "private": "eyJlMmJmYjczMC1lY2FhLTExZTYtOGY4OC0zNDM2M2JjN2M0YzAiOnsiY3JlYXRlIjo2MDAwMDAwMDAwMDAsImRlbGV0ZSI6MTIwMDAwMDAwMDAwMH0sInNjaGVtYV92ZXJzaW9uIjoiMSJ9",
          "dependencies": [
            "aws_vpc.bootcamp"
          ]
        },
        {
          "index_key": 1,
          "schema_version": 1,
          "attributes": {
            "arn": "arn:aws:ec2:us-east-1:925438610009:subnet/subnet-0292bf3e6d4b09af9",
            "assign_ipv6_address_on_creation": false,
            "availability_zone": "us-east-1b",
            "availability_zone_id": "use1-az4",
            "cidr_block": "192.168.11.0/24",
            "id": "subnet-0292bf3e6d4b09af9",
            "ipv6_cidr_block": "",
            "ipv6_cidr_block_association_id": "",
            "map_public_ip_on_launch": false,
            "outpost_arn": "",
            "owner_id": "925438610009",
            "tags": {
              "Name": "bootcamp_private_subnet_1"
            },
            "timeouts": null,
            "vpc_id": "vpc-012da98d88bc30881"
          },
          "private": "eyJlMmJmYjczMC1lY2FhLTExZTYtOGY4OC0zNDM2M2JjN2M0YzAiOnsiY3JlYXRlIjo2MDAwMDAwMDAwMDAsImRlbGV0ZSI6MTIwMDAwMDAwMDAwMH0sInNjaGVtYV92ZXJzaW9uIjoiMSJ9",
          "dependencies": [
            "aws_vpc.bootcamp"
          ]
        },
        {
          "index_key": 2,
          "schema_version": 1,
          "attributes": {
            "arn": "arn:aws:ec2:us-east-1:925438610009:subnet/subnet-0db56b11f6996dc3f",
            "assign_ipv6_address_on_creation": false,
            "availability_zone": "us-east-1c",
            "availability_zone_id": "use1-az6",
            "cidr_block": "192.168.12.0/24",
            "id": "subnet-0db56b11f6996dc3f",
            "ipv6_cidr_block": "",
            "ipv6_cidr_block_association_id": "",
            "map_public_ip_on_launch": false,
            "outpost_arn": "",
            "owner_id": "925438610009",
            "tags": {
              "Name": "bootcamp_private_subnet_2"
            },
            "timeouts": null,
            "vpc_id": "vpc-012da98d88bc30881"
          },
          "private": "eyJlMmJmYjczMC1lY2FhLTExZTYtOGY4OC0zNDM2M2JjN2M0YzAiOnsiY3JlYXRlIjo2MDAwMDAwMDAwMDAsImRlbGV0ZSI6MTIwMDAwMDAwMDAwMH0sInNjaGVtYV92ZXJzaW9uIjoiMSJ9",
          "dependencies": [
            "aws_vpc.bootcamp"
          ]
        }
      ]
    },
    {
      "mode": "managed",
      "type": "aws_subnet",
      "name": "public",
      "each": "list",
      "provider": "provider.aws",
      "instances": [
        {
          "index_key": 0,
          "schema_version": 1,
          "attributes": {
            "arn": "arn:aws:ec2:us-east-1:925438610009:subnet/subnet-02a6c78a67d08f590",
            "assign_ipv6_address_on_creation": false,
            "availability_zone": "us-east-1a",
            "availability_zone_id": "use1-az2",
            "cidr_block": "192.168.20.0/24",
            "id": "subnet-02a6c78a67d08f590",
            "ipv6_cidr_block": "",
            "ipv6_cidr_block_association_id": "",
            "map_public_ip_on_launch": true,
            "outpost_arn": "",
            "owner_id": "925438610009",
            "tags": {
              "Name": "bootcamp_public_subnet_0"
            },
            "timeouts": null,
            "vpc_id": "vpc-012da98d88bc30881"
          },
          "private": "eyJlMmJmYjczMC1lY2FhLTExZTYtOGY4OC0zNDM2M2JjN2M0YzAiOnsiY3JlYXRlIjo2MDAwMDAwMDAwMDAsImRlbGV0ZSI6MTIwMDAwMDAwMDAwMH0sInNjaGVtYV92ZXJzaW9uIjoiMSJ9",
          "dependencies": [
            "aws_vpc.bootcamp"
          ]
        },
        {
          "index_key": 1,
          "schema_version": 1,
          "attributes": {
            "arn": "arn:aws:ec2:us-east-1:925438610009:subnet/subnet-0c4d57e05313ec571",
            "assign_ipv6_address_on_creation": false,
            "availability_zone": "us-east-1b",
            "availability_zone_id": "use1-az4",
            "cidr_block": "192.168.21.0/24",
            "id": "subnet-0c4d57e05313ec571",
            "ipv6_cidr_block": "",
            "ipv6_cidr_block_association_id": "",
            "map_public_ip_on_launch": true,
            "outpost_arn": "",
            "owner_id": "925438610009",
            "tags": {
              "Name": "bootcamp_public_subnet_1"
            },
            "timeouts": null,
            "vpc_id": "vpc-012da98d88bc30881"
          },
          "private": "eyJlMmJmYjczMC1lY2FhLTExZTYtOGY4OC0zNDM2M2JjN2M0YzAiOnsiY3JlYXRlIjo2MDAwMDAwMDAwMDAsImRlbGV0ZSI6MTIwMDAwMDAwMDAwMH0sInNjaGVtYV92ZXJzaW9uIjoiMSJ9",
          "dependencies": [
            "aws_vpc.bootcamp"
          ]
        },
        {
          "index_key": 2,
          "schema_version": 1,
          "attributes": {
            "arn": "arn:aws:ec2:us-east-1:925438610009:subnet/subnet-04a66895dcdd1d77e",
            "assign_ipv6_address_on_creation": false,
            "availability_zone": "us-east-1c",
            "availability_zone_id": "use1-az6",
            "cidr_block": "192.168.22.0/24",
            "id": "subnet-04a66895dcdd1d77e",
            "ipv6_cidr_block": "",
            "ipv6_cidr_block_association_id": "",
            "map_public_ip_on_launch": true,
            "outpost_arn": "",
            "owner_id": "925438610009",
            "tags": {
              "Name": "bootcamp_public_subnet_2"
            },
            "timeouts": null,
            "vpc_id": "vpc-012da98d88bc30881"
          },
          "private": "eyJlMmJmYjczMC1lY2FhLTExZTYtOGY4OC0zNDM2M2JjN2M0YzAiOnsiY3JlYXRlIjo2MDAwMDAwMDAwMDAsImRlbGV0ZSI6MTIwMDAwMDAwMDAwMH0sInNjaGVtYV92ZXJzaW9uIjoiMSJ9",
          "dependencies": [
            "aws_vpc.bootcamp"
          ]
        }
      ]
    },
    {
      "mode": "managed",
      "type": "aws_vpc",
      "name": "bootcamp",
      "provider": "provider.aws",
      "instances": [
        {
          "schema_version": 1,
          "attributes": {
            "arn": "arn:aws:ec2:us-east-1:925438610009:vpc/vpc-012da98d88bc30881",
            "assign_generated_ipv6_cidr_block": false,
            "cidr_block": "192.168.0.0/16",
            "default_network_acl_id": "acl-03319be53d66869e3",
            "default_route_table_id": "rtb-03ae700a93eceb9aa",
            "default_security_group_id": "sg-09ae237467e8751a0",
            "dhcp_options_id": "dopt-6b03e411",
            "enable_classiclink": false,
            "enable_classiclink_dns_support": false,
            "enable_dns_hostnames": false,
            "enable_dns_support": true,
            "id": "vpc-012da98d88bc30881",
            "instance_tenancy": "default",
            "ipv6_association_id": "",
            "ipv6_cidr_block": "",
            "main_route_table_id": "rtb-03ae700a93eceb9aa",
            "owner_id": "925438610009",
            "tags": {
              "Name": "bootcamp"
            }
          },
          "private": "eyJzY2hlbWFfdmVyc2lvbiI6IjEifQ=="
        }
      ]
    }
  ]
}
